# This file is automatically @generated by Poetry 1.4.0 and should not be changed by hand.

[[package]]
name = "numpy"
version = "1.25.1"
description = "Fundamental package for array computing in Python"
category = "main"
optional = false
python-versions = ">=3.9"
files = [
    {file = "numpy-1.25.1-cp310-cp310-macosx_10_9_x86_64.whl", hash = "sha256:77d339465dff3eb33c701430bcb9c325b60354698340229e1dff97745e6b3efa"},
    {file = "numpy-1.25.1-cp310-cp310-macosx_11_0_arm64.whl", hash = "sha256:d736b75c3f2cb96843a5c7f8d8ccc414768d34b0a75f466c05f3a739b406f10b"},
    {file = "numpy-1.25.1-cp310-cp310-manylinux_2_17_aarch64.manylinux2014_aarch64.whl", hash = "sha256:4a90725800caeaa160732d6b31f3f843ebd45d6b5f3eec9e8cc287e30f2805bf"},
    {file = "numpy-1.25.1-cp310-cp310-manylinux_2_17_x86_64.manylinux2014_x86_64.whl", hash = "sha256:6c6c9261d21e617c6dc5eacba35cb68ec36bb72adcff0dee63f8fbc899362588"},
    {file = "numpy-1.25.1-cp310-cp310-musllinux_1_1_x86_64.whl", hash = "sha256:0def91f8af6ec4bb94c370e38c575855bf1d0be8a8fbfba42ef9c073faf2cf19"},
    {file = "numpy-1.25.1-cp310-cp310-win32.whl", hash = "sha256:fd67b306320dcadea700a8f79b9e671e607f8696e98ec255915c0c6d6b818503"},
    {file = "numpy-1.25.1-cp310-cp310-win_amd64.whl", hash = "sha256:c1516db588987450b85595586605742879e50dcce923e8973f79529651545b57"},
    {file = "numpy-1.25.1-cp311-cp311-macosx_10_9_x86_64.whl", hash = "sha256:6b82655dd8efeea69dbf85d00fca40013d7f503212bc5259056244961268b66e"},
    {file = "numpy-1.25.1-cp311-cp311-macosx_11_0_arm64.whl", hash = "sha256:e8f6049c4878cb16960fbbfb22105e49d13d752d4d8371b55110941fb3b17800"},
    {file = "numpy-1.25.1-cp311-cp311-manylinux_2_17_aarch64.manylinux2014_aarch64.whl", hash = "sha256:41a56b70e8139884eccb2f733c2f7378af06c82304959e174f8e7370af112e09"},
    {file = "numpy-1.25.1-cp311-cp311-manylinux_2_17_x86_64.manylinux2014_x86_64.whl", hash = "sha256:d5154b1a25ec796b1aee12ac1b22f414f94752c5f94832f14d8d6c9ac40bcca6"},
    {file = "numpy-1.25.1-cp311-cp311-musllinux_1_1_x86_64.whl", hash = "sha256:38eb6548bb91c421261b4805dc44def9ca1a6eef6444ce35ad1669c0f1a3fc5d"},
    {file = "numpy-1.25.1-cp311-cp311-win32.whl", hash = "sha256:791f409064d0a69dd20579345d852c59822c6aa087f23b07b1b4e28ff5880fcb"},
    {file = "numpy-1.25.1-cp311-cp311-win_amd64.whl", hash = "sha256:c40571fe966393b212689aa17e32ed905924120737194b5d5c1b20b9ed0fb171"},
    {file = "numpy-1.25.1-cp39-cp39-macosx_10_9_x86_64.whl", hash = "sha256:3d7abcdd85aea3e6cdddb59af2350c7ab1ed764397f8eec97a038ad244d2d105"},
    {file = "numpy-1.25.1-cp39-cp39-macosx_11_0_arm64.whl", hash = "sha256:1a180429394f81c7933634ae49b37b472d343cccb5bb0c4a575ac8bbc433722f"},
    {file = "numpy-1.25.1-cp39-cp39-manylinux_2_17_aarch64.manylinux2014_aarch64.whl", hash = "sha256:d412c1697c3853c6fc3cb9751b4915859c7afe6a277c2bf00acf287d56c4e625"},
    {file = "numpy-1.25.1-cp39-cp39-manylinux_2_17_x86_64.manylinux2014_x86_64.whl", hash = "sha256:20e1266411120a4f16fad8efa8e0454d21d00b8c7cee5b5ccad7565d95eb42dd"},
    {file = "numpy-1.25.1-cp39-cp39-musllinux_1_1_x86_64.whl", hash = "sha256:f76aebc3358ade9eacf9bc2bb8ae589863a4f911611694103af05346637df1b7"},
    {file = "numpy-1.25.1-cp39-cp39-win32.whl", hash = "sha256:247d3ffdd7775bdf191f848be8d49100495114c82c2bd134e8d5d075fb386a1c"},
    {file = "numpy-1.25.1-cp39-cp39-win_amd64.whl", hash = "sha256:1d5d3c68e443c90b38fdf8ef40e60e2538a27548b39b12b73132456847f4b631"},
    {file = "numpy-1.25.1-pp39-pypy39_pp73-macosx_10_9_x86_64.whl", hash = "sha256:35a9527c977b924042170a0887de727cd84ff179e478481404c5dc66b4170009"},
    {file = "numpy-1.25.1-pp39-pypy39_pp73-manylinux_2_17_x86_64.manylinux2014_x86_64.whl", hash = "sha256:0d3fe3dd0506a28493d82dc3cf254be8cd0d26f4008a417385cbf1ae95b54004"},
    {file = "numpy-1.25.1-pp39-pypy39_pp73-win_amd64.whl", hash = "sha256:012097b5b0d00a11070e8f2e261128c44157a8689f7dedcf35576e525893f4fe"},
    {file = "numpy-1.25.1.tar.gz", hash = "sha256:9a3a9f3a61480cc086117b426a8bd86869c213fc4072e606f01c4e4b66eb92bf"},
]

[[package]]
name = "opencv-python"
version = "4.8.0.74"
description = "Wrapper package for OpenCV python bindings."
category = "main"
optional = false
python-versions = ">=3.6"
files = [
    {file = "opencv-python-4.8.0.74.tar.gz", hash = "sha256:009e3ce356a0cd2d7423723e00a32fd3d3cc5bb5970ed27a9a1f8a8f221d1db5"},
    {file = "opencv_python-4.8.0.74-cp37-abi3-macosx_10_16_x86_64.whl", hash = "sha256:31d0d59fc8fdf703de4cec46c79b9f8d026fdde9d23d6e2e6a66809feeebbda9"},
    {file = "opencv_python-4.8.0.74-cp37-abi3-macosx_11_0_arm64.whl", hash = "sha256:66eadb5882ee56848b67f9fb57aadcaca2f4c9d9d00a0ef11043041925b51291"},
    {file = "opencv_python-4.8.0.74-cp37-abi3-manylinux_2_17_aarch64.manylinux2014_aarch64.whl", hash = "sha256:038ba7075e55cb8e2846663ae970f0fb776a45b48ee69a887bf4ee15e2570083"},
    {file = "opencv_python-4.8.0.74-cp37-abi3-manylinux_2_17_x86_64.manylinux2014_x86_64.whl", hash = "sha256:43dd0dfe331fb95767af581bf3b2781d7a72cf6560ddf2f55949fe547f3e5c9f"},
    {file = "opencv_python-4.8.0.74-cp37-abi3-win32.whl", hash = "sha256:458e5dc377f15fcf769d80314f3d885bd95457b1a2891bee67df2eb24a1d3a52"},
    {file = "opencv_python-4.8.0.74-cp37-abi3-win_amd64.whl", hash = "sha256:8fe0018d0056a5187c57120b6b3f6c3e706c13b45c48e54e86d245a9a16fac84"},
]

[package.dependencies]
numpy = [
    {version = ">=1.21.2", markers = "python_version >= \"3.10\""},
    {version = ">=1.21.4", markers = "python_version >= \"3.10\" and platform_system == \"Darwin\""},
    {version = ">=1.23.5", markers = "python_version >= \"3.11\""},
    {version = ">=1.19.3", markers = "python_version >= \"3.6\" and platform_system == \"Linux\" and platform_machine == \"aarch64\" or python_version >= \"3.9\""},
    {version = ">=1.17.0", markers = "python_version >= \"3.7\""},
    {version = ">=1.17.3", markers = "python_version >= \"3.8\""},
]

[[package]]
name = "paho-mqtt"
version = "1.6.1"
description = "MQTT version 5.0/3.1.1 client class"
category = "main"
optional = false
python-versions = "*"
files = [
    {file = "paho-mqtt-1.6.1.tar.gz", hash = "sha256:2a8291c81623aec00372b5a85558a372c747cbca8e9934dfe218638b8eefc26f"},
]

[package.extras]
proxy = ["PySocks"]

[[package]]
name = "pypylon"
version = "2.2.0"
description = "The python wrapper for the Basler pylon Camera Software Suite."
category = "main"
optional = false
python-versions = "*"
files = [
    {file = "pypylon-2.2.0-cp310-cp310-macosx_11_0_arm64.whl", hash = "sha256:596582b6cf45f0ee68a56631bb3131e9e66975515e1870cdcfb5ddf726a37803"},
    {file = "pypylon-2.2.0-cp310-cp310-macosx_11_0_x86_64.whl", hash = "sha256:ff0de5bfafe7f785af1782f7ddd99de111c45edcb69fe08add981f867b16d87b"},
    {file = "pypylon-2.2.0-cp310-cp310-manylinux_2_24_armv7l.manylinux_2_28_armv7l.whl", hash = "sha256:9eb23ea5dd01d2420498473d7c4c82e733d65ed42ee3f5c87eab4756860404b9"},
    {file = "pypylon-2.2.0-cp310-cp310-manylinux_2_27_aarch64.manylinux_2_28_aarch64.whl", hash = "sha256:643f9d375cf13bef324ac5d14063d79767ed310b931f9875180b1c5e15bf204d"},
    {file = "pypylon-2.2.0-cp310-cp310-manylinux_2_27_x86_64.manylinux_2_28_x86_64.whl", hash = "sha256:11c1530ce64f3371397708e2257151b3bae72cbc76815e74140f3da8eb19ea18"},
    {file = "pypylon-2.2.0-cp310-cp310-win_amd64.whl", hash = "sha256:95e4daa7ce2ad929889cac0ffcf65b9abd8545512780740cca54b28918ba9527"},
    {file = "pypylon-2.2.0-cp311-cp311-macosx_11_0_arm64.whl", hash = "sha256:2e0822e484ace5acf06e7830bcd0085a47e96fc882f7e48247b5a7924d1dd9f5"},
    {file = "pypylon-2.2.0-cp311-cp311-macosx_11_0_x86_64.whl", hash = "sha256:b1bee59d6374736a04cf97375f73ac62809e602b5fdb24271d5457a196202c27"},
    {file = "pypylon-2.2.0-cp311-cp311-manylinux_2_24_armv7l.manylinux_2_28_armv7l.whl", hash = "sha256:9068e459ee3fedae054aa3e4f629ce31c4b0c9d43db2be228cdb4545a2c2c893"},
    {file = "pypylon-2.2.0-cp311-cp311-manylinux_2_27_aarch64.manylinux_2_28_aarch64.whl", hash = "sha256:deb8d226e890cbbd5e4a61767dc23664ee37264967b8580de964e73325e16746"},
    {file = "pypylon-2.2.0-cp311-cp311-manylinux_2_27_x86_64.manylinux_2_28_x86_64.whl", hash = "sha256:de5fb6bf9f34bf9cd91ed913b38e5790ee98d66f86dba10192e2e364368a4675"},
    {file = "pypylon-2.2.0-cp311-cp311-win_amd64.whl", hash = "sha256:05ccb4854c486a17c66429412e7ca3974970b486cefd13be466b8aa5438fc5c4"},
    {file = "pypylon-2.2.0-cp36-cp36m-macosx_11_0_x86_64.whl", hash = "sha256:d5eefde47ada9277cd692355b6381d1dc030f16683da21d870de5e32c3bcd754"},
    {file = "pypylon-2.2.0-cp36-cp36m-manylinux_2_24_armv7l.manylinux_2_28_armv7l.whl", hash = "sha256:42a4a1e9c669ffa601be3ced6edc5fd7840a44ef02f4cda58ca7624b3e65ca3d"},
    {file = "pypylon-2.2.0-cp36-cp36m-manylinux_2_27_aarch64.manylinux_2_28_aarch64.whl", hash = "sha256:660e330ef62ba6be84ef649bd77d14266c43b9e83e8e1209b3653b9b91c1fe79"},
    {file = "pypylon-2.2.0-cp36-cp36m-manylinux_2_27_x86_64.manylinux_2_28_x86_64.whl", hash = "sha256:8117b169da9654cec0e448bb13d8b46bf089d294524b03503c39c7c1dc2f47dc"},
    {file = "pypylon-2.2.0-cp36-cp36m-win_amd64.whl", hash = "sha256:4e72670f00b3c1af1e09241da99efe875e2b8763bb779a0bfa807e80b50e6442"},
    {file = "pypylon-2.2.0-cp37-cp37m-macosx_11_0_x86_64.whl", hash = "sha256:bad74dba129b1042b7a994278bb474783225df764eb396652ce8bd7ac69614db"},
    {file = "pypylon-2.2.0-cp37-cp37m-manylinux_2_24_armv7l.manylinux_2_28_armv7l.whl", hash = "sha256:d46b975600b4d65642f5154bad59d1e3d6441ab2fce9e2f57b3704ffcbb5c0d1"},
    {file = "pypylon-2.2.0-cp37-cp37m-manylinux_2_27_aarch64.manylinux_2_28_aarch64.whl", hash = "sha256:25dfc369e10f714888a3d1b726d54b88fdebff50c56ec14ad61aa3023aacd04e"},
    {file = "pypylon-2.2.0-cp37-cp37m-manylinux_2_27_x86_64.manylinux_2_28_x86_64.whl", hash = "sha256:5ba2c3325f6ff364c131f0735bd66744facf98d2dac83b7dc532c29df480c97a"},
    {file = "pypylon-2.2.0-cp37-cp37m-win_amd64.whl", hash = "sha256:9e01c8c8a9efea64231a6cd4adf0da70801695a60079d93b6eff7d83b4566190"},
    {file = "pypylon-2.2.0-cp38-cp38-macosx_11_0_arm64.whl", hash = "sha256:c538f07811911b7bb3c545545fed83bf0f3d4c256e47fdd94a6e550ef6f0d722"},
    {file = "pypylon-2.2.0-cp38-cp38-macosx_11_0_x86_64.whl", hash = "sha256:12e865b86cbc4c5f32a215b480481a73b817e3651d3d6ee03594645b57b54b67"},
    {file = "pypylon-2.2.0-cp38-cp38-manylinux_2_24_armv7l.manylinux_2_28_armv7l.whl", hash = "sha256:c1d4fc2c7147a550538f598ea61475a69e4809c658a536707311b59c41c59558"},
    {file = "pypylon-2.2.0-cp38-cp38-manylinux_2_27_aarch64.manylinux_2_28_aarch64.whl", hash = "sha256:8e4f51574c0325b3cea26134ac44f47082dd361d52d4a13725f63ad1e1748a20"},
    {file = "pypylon-2.2.0-cp38-cp38-manylinux_2_27_x86_64.manylinux_2_28_x86_64.whl", hash = "sha256:7df1bbc53581749c1acd2fa97e89992f802320bd4ad9b31155a2fa52ed71d1fe"},
    {file = "pypylon-2.2.0-cp38-cp38-win_amd64.whl", hash = "sha256:11445da6969e588fe2c24484c5142e21576366f7fc0ac064dfc181bf327e5bac"},
    {file = "pypylon-2.2.0-cp39-cp39-macosx_11_0_arm64.whl", hash = "sha256:375a5b1f0d786231cc18e181fc368176d0cb7b8ef38dfdb9114cf75d8b617ab9"},
    {file = "pypylon-2.2.0-cp39-cp39-macosx_11_0_x86_64.whl", hash = "sha256:fe92d228d5cd2976ea966931660c24c7d389f00d9f3eb507cca3fbdb1ed488a9"},
    {file = "pypylon-2.2.0-cp39-cp39-manylinux_2_24_armv7l.manylinux_2_28_armv7l.whl", hash = "sha256:4ab32d9455ec0f83e6df235386b1863853816a427e7849e9aaabd3e2ecf3f97c"},
    {file = "pypylon-2.2.0-cp39-cp39-manylinux_2_27_aarch64.manylinux_2_28_aarch64.whl", hash = "sha256:b9fcaf37b53c674599188a264b56c07c74b75fde88c48c517aafae853e2ae4af"},
    {file = "pypylon-2.2.0-cp39-cp39-manylinux_2_27_x86_64.manylinux_2_28_x86_64.whl", hash = "sha256:7fc12574b5aa5f2cf7aa82b39859b59033656d3e7a3717a9d5d3c6598dd36487"},
    {file = "pypylon-2.2.0-cp39-cp39-win_amd64.whl", hash = "sha256:7c2eddc27ee2ada196823e31308f3886b390ef07ead6631327858b3cf81ea1f2"},
]

[metadata]
lock-version = "2.0"
python-versions = "^3.10"
content-hash = "6d955d54552a65be462314158e336ed38946d3fd0f7bb25e39e89ce0959f33e3"
